Microsoft Visual Studio Solution File, Format Version 12.00
# Visual Studio Version 17
VisualStudioVersion = 17.5.2.0
MinimumVisualStudioVersion = 10.0.40219.1
Project("{FAE04EC0-301F-11D3-BF4B-00C04F79EFBC}") = "UserLogsSystem", "UserLogsSystem.csproj", "{87C0960B-71DB-7F77-1C9D-9E6E05C9C128}"
EndProject
Global
	GlobalSection(SolutionConfigurationPlatforms) = preSolution
		Debug|Any CPU = Debug|Any CPU
		Release|Any CPU = Release|Any CPU
	EndGlobalSection
	GlobalSection(ProjectConfigurationPlatforms) = postSolution
		{87C0960B-71DB-7F77-1C9D-9E6E05C9C128}.Debug|Any CPU.ActiveCfg = Debug|Any CPU
		{87C0960B-71DB-7F77-1C9D-9E6E05C9C128}.Debug|Any CPU.Build.0 = Debug|Any CPU
		{87C0960B-71DB-7F77-1C9D-9E6E05C9C128}.Release|Any CPU.ActiveCfg = Release|Any CPU
		{87C0960B-71DB-7F77-1C9D-9E6E05C9C128}.Release|Any CPU.Build.0 = Release|Any CPU
	EndGlobalSection
	GlobalSection(SolutionProperties) = preSolution
		HideSolutionNode = FALSE
	EndGlobalSection
	GlobalSection(ExtensibilityGlobals) = postSolution
		SolutionGuid = {1CC1DD7E-1430-4220-88EA-29018AAB3AF9}
	EndGlobalSection
EndGlobal
